// !$*UTF8*$!
{
	archiveVersion = 1;
	classes = {
	};
	objectVersion = 50;
	objects = {

/* Begin PBXBuildFile section */
		E92111A92194BE0A00D5D67F /* DriversTableViewController.swift in Sources */ = {isa = PBXBuildFile; fileRef = E92111A82194BE0A00D5D67F /* DriversTableViewController.swift */; };
		E9241A6D222002CE003B6C11 /* AddItemViewController.swift in Sources */ = {isa = PBXBuildFile; fileRef = E9241A6C222002CE003B6C11 /* AddItemViewController.swift */; };
		E9241A7122201A7B003B6C11 /* HelmetPickerViewController.swift in Sources */ = {isa = PBXBuildFile; fileRef = E9241A7022201A7B003B6C11 /* HelmetPickerViewController.swift */; };
		E9241A7322202431003B6C11 /* DriverPictureViewController.swift in Sources */ = {isa = PBXBuildFile; fileRef = E9241A7222202431003B6C11 /* DriverPictureViewController.swift */; };
		E9256418220B6BAE004F2A7B /* DriverSelectorViewController.swift in Sources */ = {isa = PBXBuildFile; fileRef = E9256417220B6BAE004F2A7B /* DriverSelectorViewController.swift */; };
		E925B5062227CE0900E67365 /* NewSessionTableViewController.swift in Sources */ = {isa = PBXBuildFile; fileRef = E925B5052227CE0900E67365 /* NewSessionTableViewController.swift */; };
		E925B50B2228548600E67365 /* SettingsTableViewController.swift in Sources */ = {isa = PBXBuildFile; fileRef = E925B50A2228548600E67365 /* SettingsTableViewController.swift */; };
		E925B50D22296F3500E67365 /* TracksTableViewController.swift in Sources */ = {isa = PBXBuildFile; fileRef = E925B50C22296F3500E67365 /* TracksTableViewController.swift */; };
		E925B50F22296FE100E67365 /* TrackTableViewCell.swift in Sources */ = {isa = PBXBuildFile; fileRef = E925B50E22296FE100E67365 /* TrackTableViewCell.swift */; };
		E92E963B2207B604004E6E20 /* TimerViewController.swift in Sources */ = {isa = PBXBuildFile; fileRef = E92E963A2207B604004E6E20 /* TimerViewController.swift */; };
		E92E963E22098653004E6E20 /* DriverCollectionViewCell.swift in Sources */ = {isa = PBXBuildFile; fileRef = E92E963D22098653004E6E20 /* DriverCollectionViewCell.swift */; };
		E92F342D22117EA5003ECAB4 /* SessionTableViewCell.swift in Sources */ = {isa = PBXBuildFile; fileRef = E92F342C22117EA5003ECAB4 /* SessionTableViewCell.swift */; };
		E9606001219359DA00D37631 /* AppDelegate.swift in Sources */ = {isa = PBXBuildFile; fileRef = E9606000219359DA00D37631 /* AppDelegate.swift */; };
		E9606008219359DA00D37631 /* Main.storyboard in Resources */ = {isa = PBXBuildFile; fileRef = E9606006219359DA00D37631 /* Main.storyboard */; };
		E960600A219359DB00D37631 /* Assets.xcassets in Resources */ = {isa = PBXBuildFile; fileRef = E9606009219359DB00D37631 /* Assets.xcassets */; };
		E960600D219359DB00D37631 /* LaunchScreen.storyboard in Resources */ = {isa = PBXBuildFile; fileRef = E960600B219359DB00D37631 /* LaunchScreen.storyboard */; };
		E9606018219359DB00D37631 /* RacedayStopwatchTests.swift in Sources */ = {isa = PBXBuildFile; fileRef = E9606017219359DB00D37631 /* RacedayStopwatchTests.swift */; };
		E9606023219359DC00D37631 /* RacedayStopwatchUITests.swift in Sources */ = {isa = PBXBuildFile; fileRef = E9606022219359DC00D37631 /* RacedayStopwatchUITests.swift */; };
		E960603621935D4300D37631 /* SessionsTableViewController.swift in Sources */ = {isa = PBXBuildFile; fileRef = E960603521935D4300D37631 /* SessionsTableViewController.swift */; };
		E960607A2193662100D37631 /* RacedayStopwatch.xcdatamodeld in Sources */ = {isa = PBXBuildFile; fileRef = E96060782193662100D37631 /* RacedayStopwatch.xcdatamodeld */; };
		E960607C219366A300D37631 /* CoreDataService.swift in Sources */ = {isa = PBXBuildFile; fileRef = E960607B219366A300D37631 /* CoreDataService.swift */; };
		E969EA98221AB7A400E6D174 /* Double.swift in Sources */ = {isa = PBXBuildFile; fileRef = E969EA97221AB7A400E6D174 /* Double.swift */; };
		E97143D12196040B00F9B4CF /* LapTableViewCell.swift in Sources */ = {isa = PBXBuildFile; fileRef = E97143D02196040B00F9B4CF /* LapTableViewCell.swift */; };
		E97F11BF2195DDCE0090C336 /* DriverTableViewCell.swift in Sources */ = {isa = PBXBuildFile; fileRef = E97F11BE2195DDCE0090C336 /* DriverTableViewCell.swift */; };
		E9EE5D0222140F4F00E2F57D /* Driver.swift in Sources */ = {isa = PBXBuildFile; fileRef = E9EE5D0122140F4F00E2F57D /* Driver.swift */; };
		E9EE5D0422140F6500E2F57D /* Session.swift in Sources */ = {isa = PBXBuildFile; fileRef = E9EE5D0322140F6500E2F57D /* Session.swift */; };
		E9EE5D0622140F7700E2F57D /* Track.swift in Sources */ = {isa = PBXBuildFile; fileRef = E9EE5D0522140F7700E2F57D /* Track.swift */; };
		E9EE5D082215674100E2F57D /* Constants.swift in Sources */ = {isa = PBXBuildFile; fileRef = E9EE5D072215674100E2F57D /* Constants.swift */; };
		E9EE5D0D22156D2D00E2F57D /* Lap.swift in Sources */ = {isa = PBXBuildFile; fileRef = E9EE5D0C22156D2D00E2F57D /* Lap.swift */; };
		E9EE5D112215E3AF00E2F57D /* RaceDayTimer.swift in Sources */ = {isa = PBXBuildFile; fileRef = E9EE5D102215E3AF00E2F57D /* RaceDayTimer.swift */; };
/* End PBXBuildFile section */

/* Begin PBXContainerItemProxy section */
		E9606014219359DB00D37631 /* PBXContainerItemProxy */ = {
			isa = PBXContainerItemProxy;
			containerPortal = E9605FF5219359DA00D37631 /* Project object */;
			proxyType = 1;
			remoteGlobalIDString = E9605FFC219359DA00D37631;
			remoteInfo = RacedayStopwatch;
		};
		E960601F219359DC00D37631 /* PBXContainerItemProxy */ = {
			isa = PBXContainerItemProxy;
			containerPortal = E9605FF5219359DA00D37631 /* Project object */;
			proxyType = 1;
			remoteGlobalIDString = E9605FFC219359DA00D37631;
			remoteInfo = RacedayStopwatch;
		};
/* End PBXContainerItemProxy section */

/* Begin PBXFileReference section */
		E92111A82194BE0A00D5D67F /* DriversTableViewController.swift */ = {isa = PBXFileReference; fileEncoding = 4; lastKnownFileType = sourcecode.swift; path = DriversTableViewController.swift; sourceTree = "<group>"; };
		E9241A6C222002CE003B6C11 /* AddItemViewController.swift */ = {isa = PBXFileReference; lastKnownFileType = sourcecode.swift; path = AddItemViewController.swift; sourceTree = "<group>"; };
		E9241A7022201A7B003B6C11 /* HelmetPickerViewController.swift */ = {isa = PBXFileReference; lastKnownFileType = sourcecode.swift; path = HelmetPickerViewController.swift; sourceTree = "<group>"; };
		E9241A7222202431003B6C11 /* DriverPictureViewController.swift */ = {isa = PBXFileReference; lastKnownFileType = sourcecode.swift; path = DriverPictureViewController.swift; sourceTree = "<group>"; };
		E9256417220B6BAE004F2A7B /* DriverSelectorViewController.swift */ = {isa = PBXFileReference; lastKnownFileType = sourcecode.swift; path = DriverSelectorViewController.swift; sourceTree = "<group>"; };
		E925B5052227CE0900E67365 /* NewSessionTableViewController.swift */ = {isa = PBXFileReference; lastKnownFileType = sourcecode.swift; path = NewSessionTableViewController.swift; sourceTree = "<group>"; };
		E925B50A2228548600E67365 /* SettingsTableViewController.swift */ = {isa = PBXFileReference; lastKnownFileType = sourcecode.swift; path = SettingsTableViewController.swift; sourceTree = "<group>"; };
		E925B50C22296F3500E67365 /* TracksTableViewController.swift */ = {isa = PBXFileReference; lastKnownFileType = sourcecode.swift; path = TracksTableViewController.swift; sourceTree = "<group>"; };
		E925B50E22296FE100E67365 /* TrackTableViewCell.swift */ = {isa = PBXFileReference; lastKnownFileType = sourcecode.swift; path = TrackTableViewCell.swift; sourceTree = "<group>"; };
		E92E963A2207B604004E6E20 /* TimerViewController.swift */ = {isa = PBXFileReference; lastKnownFileType = sourcecode.swift; path = TimerViewController.swift; sourceTree = "<group>"; };
		E92E963D22098653004E6E20 /* DriverCollectionViewCell.swift */ = {isa = PBXFileReference; lastKnownFileType = sourcecode.swift; path = DriverCollectionViewCell.swift; sourceTree = "<group>"; };
		E92F342C22117EA5003ECAB4 /* SessionTableViewCell.swift */ = {isa = PBXFileReference; lastKnownFileType = sourcecode.swift; path = SessionTableViewCell.swift; sourceTree = "<group>"; };
		E9605FFD219359DA00D37631 /* RacedayStopwatch.app */ = {isa = PBXFileReference; explicitFileType = wrapper.application; includeInIndex = 0; path = RacedayStopwatch.app; sourceTree = BUILT_PRODUCTS_DIR; };
		E9606000219359DA00D37631 /* AppDelegate.swift */ = {isa = PBXFileReference; lastKnownFileType = sourcecode.swift; path = AppDelegate.swift; sourceTree = "<group>"; };
		E9606007219359DA00D37631 /* Base */ = {isa = PBXFileReference; lastKnownFileType = file.storyboard; name = Base; path = Base.lproj/Main.storyboard; sourceTree = "<group>"; };
		E9606009219359DB00D37631 /* Assets.xcassets */ = {isa = PBXFileReference; lastKnownFileType = folder.assetcatalog; path = Assets.xcassets; sourceTree = "<group>"; };
		E960600C219359DB00D37631 /* Base */ = {isa = PBXFileReference; lastKnownFileType = file.storyboard; name = Base; path = Base.lproj/LaunchScreen.storyboard; sourceTree = "<group>"; };
		E960600E219359DB00D37631 /* Info.plist */ = {isa = PBXFileReference; lastKnownFileType = text.plist.xml; path = Info.plist; sourceTree = "<group>"; };
		E9606013219359DB00D37631 /* RacedayStopwatchTests.xctest */ = {isa = PBXFileReference; explicitFileType = wrapper.cfbundle; includeInIndex = 0; path = RacedayStopwatchTests.xctest; sourceTree = BUILT_PRODUCTS_DIR; };
		E9606017219359DB00D37631 /* RacedayStopwatchTests.swift */ = {isa = PBXFileReference; lastKnownFileType = sourcecode.swift; path = RacedayStopwatchTests.swift; sourceTree = "<group>"; };
		E9606019219359DB00D37631 /* Info.plist */ = {isa = PBXFileReference; lastKnownFileType = text.plist.xml; path = Info.plist; sourceTree = "<group>"; };
		E960601E219359DC00D37631 /* RacedayStopwatchUITests.xctest */ = {isa = PBXFileReference; explicitFileType = wrapper.cfbundle; includeInIndex = 0; path = RacedayStopwatchUITests.xctest; sourceTree = BUILT_PRODUCTS_DIR; };
		E9606022219359DC00D37631 /* RacedayStopwatchUITests.swift */ = {isa = PBXFileReference; lastKnownFileType = sourcecode.swift; path = RacedayStopwatchUITests.swift; sourceTree = "<group>"; };
		E9606024219359DC00D37631 /* Info.plist */ = {isa = PBXFileReference; lastKnownFileType = text.plist.xml; path = Info.plist; sourceTree = "<group>"; };
		E960603521935D4300D37631 /* SessionsTableViewController.swift */ = {isa = PBXFileReference; lastKnownFileType = sourcecode.swift; path = SessionsTableViewController.swift; sourceTree = "<group>"; };
		E96060792193662100D37631 /* Model.xcdatamodel */ = {isa = PBXFileReference; lastKnownFileType = wrapper.xcdatamodel; path = Model.xcdatamodel; sourceTree = "<group>"; };
		E960607B219366A300D37631 /* CoreDataService.swift */ = {isa = PBXFileReference; lastKnownFileType = sourcecode.swift; path = CoreDataService.swift; sourceTree = "<group>"; };
		E969EA97221AB7A400E6D174 /* Double.swift */ = {isa = PBXFileReference; lastKnownFileType = sourcecode.swift; path = Double.swift; sourceTree = "<group>"; };
		E97143D02196040B00F9B4CF /* LapTableViewCell.swift */ = {isa = PBXFileReference; lastKnownFileType = sourcecode.swift; path = LapTableViewCell.swift; sourceTree = "<group>"; };
		E97F11BE2195DDCE0090C336 /* DriverTableViewCell.swift */ = {isa = PBXFileReference; lastKnownFileType = sourcecode.swift; path = DriverTableViewCell.swift; sourceTree = "<group>"; };
		E9EE5D0122140F4F00E2F57D /* Driver.swift */ = {isa = PBXFileReference; lastKnownFileType = sourcecode.swift; path = Driver.swift; sourceTree = "<group>"; };
		E9EE5D0322140F6500E2F57D /* Session.swift */ = {isa = PBXFileReference; lastKnownFileType = sourcecode.swift; path = Session.swift; sourceTree = "<group>"; };
		E9EE5D0522140F7700E2F57D /* Track.swift */ = {isa = PBXFileReference; lastKnownFileType = sourcecode.swift; path = Track.swift; sourceTree = "<group>"; };
		E9EE5D072215674100E2F57D /* Constants.swift */ = {isa = PBXFileReference; lastKnownFileType = sourcecode.swift; path = Constants.swift; sourceTree = "<group>"; };
		E9EE5D0C22156D2D00E2F57D /* Lap.swift */ = {isa = PBXFileReference; lastKnownFileType = sourcecode.swift; path = Lap.swift; sourceTree = "<group>"; };
		E9EE5D102215E3AF00E2F57D /* RaceDayTimer.swift */ = {isa = PBXFileReference; lastKnownFileType = sourcecode.swift; path = RaceDayTimer.swift; sourceTree = "<group>"; };
/* End PBXFileReference section */

/* Begin PBXFrameworksBuildPhase section */
		E9605FFA219359DA00D37631 /* Frameworks */ = {
			isa = PBXFrameworksBuildPhase;
			buildActionMask = 2147483647;
			files = (
			);
			runOnlyForDeploymentPostprocessing = 0;
		};
		E9606010219359DB00D37631 /* Frameworks */ = {
			isa = PBXFrameworksBuildPhase;
			buildActionMask = 2147483647;
			files = (
			);
			runOnlyForDeploymentPostprocessing = 0;
		};
		E960601B219359DC00D37631 /* Frameworks */ = {
			isa = PBXFrameworksBuildPhase;
			buildActionMask = 2147483647;
			files = (
			);
			runOnlyForDeploymentPostprocessing = 0;
		};
/* End PBXFrameworksBuildPhase section */

/* Begin PBXGroup section */
		E92111A72194BE0A00D5D67F /* Drivers */ = {
			isa = PBXGroup;
			children = (
				E9241A74222025C3003B6C11 /* Add Driver */,
				E92111A82194BE0A00D5D67F /* DriversTableViewController.swift */,
				E97F11BE2195DDCE0090C336 /* DriverTableViewCell.swift */,
			);
			name = Drivers;
			path = RacedayStopwatch/Drivers;
			sourceTree = SOURCE_ROOT;
		};
		E9241A74222025C3003B6C11 /* Add Driver */ = {
			isa = PBXGroup;
			children = (
				E9241A7222202431003B6C11 /* DriverPictureViewController.swift */,
				E9241A6C222002CE003B6C11 /* AddItemViewController.swift */,
				E9241A7022201A7B003B6C11 /* HelmetPickerViewController.swift */,
			);
			path = "Add Driver";
			sourceTree = "<group>";
		};
		E925B5092228546D00E67365 /* Settings */ = {
			isa = PBXGroup;
			children = (
				E925B50A2228548600E67365 /* SettingsTableViewController.swift */,
			);
			path = Settings;
			sourceTree = "<group>";
		};
		E92E963C22098634004E6E20 /* DriverCollectionView */ = {
			isa = PBXGroup;
			children = (
				E92E963D22098653004E6E20 /* DriverCollectionViewCell.swift */,
			);
			path = DriverCollectionView;
			sourceTree = "<group>";
		};
		E9605FF4219359DA00D37631 = {
			isa = PBXGroup;
			children = (
				E9605FFE219359DA00D37631 /* Products */,
				E9605FFF219359DA00D37631 /* RacedayStopwatch */,
				E9606016219359DB00D37631 /* RacedayStopwatchTests */,
				E9606021219359DC00D37631 /* RacedayStopwatchUITests */,
			);
			sourceTree = "<group>";
		};
		E9605FFE219359DA00D37631 /* Products */ = {
			isa = PBXGroup;
			children = (
				E9605FFD219359DA00D37631 /* RacedayStopwatch.app */,
				E9606013219359DB00D37631 /* RacedayStopwatchTests.xctest */,
				E960601E219359DC00D37631 /* RacedayStopwatchUITests.xctest */,
			);
			name = Products;
			sourceTree = "<group>";
		};
		E9605FFF219359DA00D37631 /* RacedayStopwatch */ = {
			isa = PBXGroup;
			children = (
				E9606000219359DA00D37631 /* AppDelegate.swift */,
				E9606009219359DB00D37631 /* Assets.xcassets */,
				E960608321936EC500D37631 /* CoreData */,
				E92111A72194BE0A00D5D67F /* Drivers */,
				E9EE5D092215674B00E2F57D /* Helpers */,
				E960600E219359DB00D37631 /* Info.plist */,
				E960600B219359DB00D37631 /* LaunchScreen.storyboard */,
				E9606006219359DA00D37631 /* Main.storyboard */,
				E960603721935D6800D37631 /* Sessions */,
				E925B5092228546D00E67365 /* Settings */,
				E960603A21935DA100D37631 /* Tracks */,
			);
			path = RacedayStopwatch;
			sourceTree = "<group>";
		};
		E9606016219359DB00D37631 /* RacedayStopwatchTests */ = {
			isa = PBXGroup;
			children = (
				E9606017219359DB00D37631 /* RacedayStopwatchTests.swift */,
				E9606019219359DB00D37631 /* Info.plist */,
			);
			path = RacedayStopwatchTests;
			sourceTree = "<group>";
		};
		E9606021219359DC00D37631 /* RacedayStopwatchUITests */ = {
			isa = PBXGroup;
			children = (
				E9606022219359DC00D37631 /* RacedayStopwatchUITests.swift */,
				E9606024219359DC00D37631 /* Info.plist */,
			);
			path = RacedayStopwatchUITests;
			sourceTree = "<group>";
		};
		E960603721935D6800D37631 /* Sessions */ = {
			isa = PBXGroup;
			children = (
				E97143D4219ACC7B00F9B4CF /* Stopwatch */,
				E960603521935D4300D37631 /* SessionsTableViewController.swift */,
				E92F342C22117EA5003ECAB4 /* SessionTableViewCell.swift */,
				E925B5052227CE0900E67365 /* NewSessionTableViewController.swift */,
			);
			path = Sessions;
			sourceTree = "<group>";
		};
		E960603A21935DA100D37631 /* Tracks */ = {
			isa = PBXGroup;
			children = (
				E925B50C22296F3500E67365 /* TracksTableViewController.swift */,
				E925B50E22296FE100E67365 /* TrackTableViewCell.swift */,
			);
			path = Tracks;
			sourceTree = "<group>";
		};
		E960608321936EC500D37631 /* CoreData */ = {
			isa = PBXGroup;
			children = (
				E960607B219366A300D37631 /* CoreDataService.swift */,
				E96060782193662100D37631 /* RacedayStopwatch.xcdatamodeld */,
				E9EE5D0122140F4F00E2F57D /* Driver.swift */,
				E9EE5D0322140F6500E2F57D /* Session.swift */,
				E9EE5D0522140F7700E2F57D /* Track.swift */,
			);
			path = CoreData;
			sourceTree = "<group>";
		};
		E97143D4219ACC7B00F9B4CF /* Stopwatch */ = {
			isa = PBXGroup;
			children = (
				E92E963C22098634004E6E20 /* DriverCollectionView */,
				E9256417220B6BAE004F2A7B /* DriverSelectorViewController.swift */,
				E97143D02196040B00F9B4CF /* LapTableViewCell.swift */,
				E92E963A2207B604004E6E20 /* TimerViewController.swift */,
			);
			path = Stopwatch;
			sourceTree = "<group>";
		};
		E9EE5D092215674B00E2F57D /* Helpers */ = {
			isa = PBXGroup;
			children = (
				E9EE5D072215674100E2F57D /* Constants.swift */,
				E9EE5D0C22156D2D00E2F57D /* Lap.swift */,
				E9EE5D102215E3AF00E2F57D /* RaceDayTimer.swift */,
				E969EA97221AB7A400E6D174 /* Double.swift */,
			);
			name = Helpers;
			path = "New Group";
			sourceTree = "<group>";
		};
/* End PBXGroup section */

/* Begin PBXNativeTarget section */
		E9605FFC219359DA00D37631 /* RacedayStopwatch */ = {
			isa = PBXNativeTarget;
			buildConfigurationList = E9606027219359DC00D37631 /* Build configuration list for PBXNativeTarget "RacedayStopwatch" */;
			buildPhases = (
				E9605FF9219359DA00D37631 /* Sources */,
				E9605FFA219359DA00D37631 /* Frameworks */,
				E9605FFB219359DA00D37631 /* Resources */,
			);
			buildRules = (
			);
			dependencies = (
			);
			name = RacedayStopwatch;
			productName = RacedayStopwatch;
			productReference = E9605FFD219359DA00D37631 /* RacedayStopwatch.app */;
			productType = "com.apple.product-type.application";
		};
		E9606012219359DB00D37631 /* RacedayStopwatchTests */ = {
			isa = PBXNativeTarget;
			buildConfigurationList = E960602A219359DC00D37631 /* Build configuration list for PBXNativeTarget "RacedayStopwatchTests" */;
			buildPhases = (
				E960600F219359DB00D37631 /* Sources */,
				E9606010219359DB00D37631 /* Frameworks */,
				E9606011219359DB00D37631 /* Resources */,
			);
			buildRules = (
			);
			dependencies = (
				E9606015219359DB00D37631 /* PBXTargetDependency */,
			);
			name = RacedayStopwatchTests;
			productName = RacedayStopwatchTests;
			productReference = E9606013219359DB00D37631 /* RacedayStopwatchTests.xctest */;
			productType = "com.apple.product-type.bundle.unit-test";
		};
		E960601D219359DC00D37631 /* RacedayStopwatchUITests */ = {
			isa = PBXNativeTarget;
			buildConfigurationList = E960602D219359DC00D37631 /* Build configuration list for PBXNativeTarget "RacedayStopwatchUITests" */;
			buildPhases = (
				E960601A219359DC00D37631 /* Sources */,
				E960601B219359DC00D37631 /* Frameworks */,
				E960601C219359DC00D37631 /* Resources */,
			);
			buildRules = (
			);
			dependencies = (
				E9606020219359DC00D37631 /* PBXTargetDependency */,
			);
			name = RacedayStopwatchUITests;
			productName = RacedayStopwatchUITests;
			productReference = E960601E219359DC00D37631 /* RacedayStopwatchUITests.xctest */;
			productType = "com.apple.product-type.bundle.ui-testing";
		};
/* End PBXNativeTarget section */

/* Begin PBXProject section */
		E9605FF5219359DA00D37631 /* Project object */ = {
			isa = PBXProject;
			attributes = {
				LastSwiftUpdateCheck = 1010;
				LastUpgradeCheck = 1010;
				ORGANIZATIONNAME = Appbryggeriet;
				TargetAttributes = {
					E9605FFC219359DA00D37631 = {
						CreatedOnToolsVersion = 10.1;
					};
					E9606012219359DB00D37631 = {
						CreatedOnToolsVersion = 10.1;
						TestTargetID = E9605FFC219359DA00D37631;
					};
					E960601D219359DC00D37631 = {
						CreatedOnToolsVersion = 10.1;
						TestTargetID = E9605FFC219359DA00D37631;
					};
				};
			};
			buildConfigurationList = E9605FF8219359DA00D37631 /* Build configuration list for PBXProject "RacedayStopwatch" */;
			compatibilityVersion = "Xcode 9.3";
			developmentRegion = en;
			hasScannedForEncodings = 0;
			knownRegions = (
				en,
				Base,
			);
			mainGroup = E9605FF4219359DA00D37631;
			productRefGroup = E9605FFE219359DA00D37631 /* Products */;
			projectDirPath = "";
			projectRoot = "";
			targets = (
				E9605FFC219359DA00D37631 /* RacedayStopwatch */,
				E9606012219359DB00D37631 /* RacedayStopwatchTests */,
				E960601D219359DC00D37631 /* RacedayStopwatchUITests */,
			);
		};
/* End PBXProject section */

/* Begin PBXResourcesBuildPhase section */
		E9605FFB219359DA00D37631 /* Resources */ = {
			isa = PBXResourcesBuildPhase;
			buildActionMask = 2147483647;
			files = (
				E960600D219359DB00D37631 /* LaunchScreen.storyboard in Resources */,
				E960600A219359DB00D37631 /* Assets.xcassets in Resources */,
				E9606008219359DA00D37631 /* Main.storyboard in Resources */,
			);
			runOnlyForDeploymentPostprocessing = 0;
		};
		E9606011219359DB00D37631 /* Resources */ = {
			isa = PBXResourcesBuildPhase;
			buildActionMask = 2147483647;
			files = (
			);
			runOnlyForDeploymentPostprocessing = 0;
		};
		E960601C219359DC00D37631 /* Resources */ = {
			isa = PBXResourcesBuildPhase;
			buildActionMask = 2147483647;
			files = (
			);
			runOnlyForDeploymentPostprocessing = 0;
		};
/* End PBXResourcesBuildPhase section */

/* Begin PBXSourcesBuildPhase section */
		E9605FF9219359DA00D37631 /* Sources */ = {
			isa = PBXSourcesBuildPhase;
			buildActionMask = 2147483647;
			files = (
				E9606001219359DA00D37631 /* AppDelegate.swift in Sources */,
				E92111A92194BE0A00D5D67F /* DriversTableViewController.swift in Sources */,
				E9241A7122201A7B003B6C11 /* HelmetPickerViewController.swift in Sources */,
				E9256418220B6BAE004F2A7B /* DriverSelectorViewController.swift in Sources */,
				E925B50D22296F3500E67365 /* TracksTableViewController.swift in Sources */,
				E9EE5D0622140F7700E2F57D /* Track.swift in Sources */,
				E960607A2193662100D37631 /* RacedayStopwatch.xcdatamodeld in Sources */,
				E925B5062227CE0900E67365 /* NewSessionTableViewController.swift in Sources */,
				E9241A7322202431003B6C11 /* DriverPictureViewController.swift in Sources */,
				E9EE5D0D22156D2D00E2F57D /* Lap.swift in Sources */,
				E92E963E22098653004E6E20 /* DriverCollectionViewCell.swift in Sources */,
				E925B50B2228548600E67365 /* SettingsTableViewController.swift in Sources */,
				E97F11BF2195DDCE0090C336 /* DriverTableViewCell.swift in Sources */,
				E9EE5D0422140F6500E2F57D /* Session.swift in Sources */,
				E969EA98221AB7A400E6D174 /* Double.swift in Sources */,
				E9EE5D0222140F4F00E2F57D /* Driver.swift in Sources */,
				E960607C219366A300D37631 /* CoreDataService.swift in Sources */,
				E9EE5D082215674100E2F57D /* Constants.swift in Sources */,
				E960603621935D4300D37631 /* SessionsTableViewController.swift in Sources */,
				E97143D12196040B00F9B4CF /* LapTableViewCell.swift in Sources */,
				E925B50F22296FE100E67365 /* TrackTableViewCell.swift in Sources */,
				E9241A6D222002CE003B6C11 /* AddItemViewController.swift in Sources */,
				E92F342D22117EA5003ECAB4 /* SessionTableViewCell.swift in Sources */,
				E92E963B2207B604004E6E20 /* TimerViewController.swift in Sources */,
				E9EE5D112215E3AF00E2F57D /* RaceDayTimer.swift in Sources */,
			);
			runOnlyForDeploymentPostprocessing = 0;
		};
		E960600F219359DB00D37631 /* Sources */ = {
			isa = PBXSourcesBuildPhase;
			buildActionMask = 2147483647;
			files = (
				E9606018219359DB00D37631 /* RacedayStopwatchTests.swift in Sources */,
			);
			runOnlyForDeploymentPostprocessing = 0;
		};
		E960601A219359DC00D37631 /* Sources */ = {
			isa = PBXSourcesBuildPhase;
			buildActionMask = 2147483647;
			files = (
				E9606023219359DC00D37631 /* RacedayStopwatchUITests.swift in Sources */,
			);
			runOnlyForDeploymentPostprocessing = 0;
		};
/* End PBXSourcesBuildPhase section */

/* Begin PBXTargetDependency section */
		E9606015219359DB00D37631 /* PBXTargetDependency */ = {
			isa = PBXTargetDependency;
			target = E9605FFC219359DA00D37631 /* RacedayStopwatch */;
			targetProxy = E9606014219359DB00D37631 /* PBXContainerItemProxy */;
		};
		E9606020219359DC00D37631 /* PBXTargetDependency */ = {
			isa = PBXTargetDependency;
			target = E9605FFC219359DA00D37631 /* RacedayStopwatch */;
			targetProxy = E960601F219359DC00D37631 /* PBXContainerItemProxy */;
		};
/* End PBXTargetDependency section */

/* Begin PBXVariantGroup section */
		E9606006219359DA00D37631 /* Main.storyboard */ = {
			isa = PBXVariantGroup;
			children = (
				E9606007219359DA00D37631 /* Base */,
			);
			name = Main.storyboard;
			sourceTree = "<group>";
		};
		E960600B219359DB00D37631 /* LaunchScreen.storyboard */ = {
			isa = PBXVariantGroup;
			children = (
				E960600C219359DB00D37631 /* Base */,
			);
			name = LaunchScreen.storyboard;
			sourceTree = "<group>";
		};
/* End PBXVariantGroup section */

/* Begin XCBuildConfiguration section */
		E9606025219359DC00D37631 /* Debug */ = {
			isa = XCBuildConfiguration;
			buildSettings = {
				ALWAYS_SEARCH_USER_PATHS = NO;
				CLANG_ANALYZER_NONNULL = YES;
				CLANG_ANALYZER_NUMBER_OBJECT_CONVERSION = YES_AGGRESSIVE;
				CLANG_CXX_LANGUAGE_STANDARD = "gnu++14";
				CLANG_CXX_LIBRARY = "libc++";
				CLANG_ENABLE_MODULES = YES;
				CLANG_ENABLE_OBJC_ARC = YES;
				CLANG_ENABLE_OBJC_WEAK = YES;
				CLANG_WARN_BLOCK_CAPTURE_AUTORELEASING = YES;
				CLANG_WARN_BOOL_CONVERSION = YES;
				CLANG_WARN_COMMA = YES;
				CLANG_WARN_CONSTANT_CONVERSION = YES;
				CLANG_WARN_DEPRECATED_OBJC_IMPLEMENTATIONS = YES;
				CLANG_WARN_DIRECT_OBJC_ISA_USAGE = YES_ERROR;
				CLANG_WARN_DOCUMENTATION_COMMENTS = YES;
				CLANG_WARN_EMPTY_BODY = YES;
				CLANG_WARN_ENUM_CONVERSION = YES;
				CLANG_WARN_INFINITE_RECURSION = YES;
				CLANG_WARN_INT_CONVERSION = YES;
				CLANG_WARN_NON_LITERAL_NULL_CONVERSION = YES;
				CLANG_WARN_OBJC_IMPLICIT_RETAIN_SELF = YES;
				CLANG_WARN_OBJC_LITERAL_CONVERSION = YES;
				CLANG_WARN_OBJC_ROOT_CLASS = YES_ERROR;
				CLANG_WARN_RANGE_LOOP_ANALYSIS = YES;
				CLANG_WARN_STRICT_PROTOTYPES = YES;
				CLANG_WARN_SUSPICIOUS_MOVE = YES;
				CLANG_WARN_UNGUARDED_AVAILABILITY = YES_AGGRESSIVE;
				CLANG_WARN_UNREACHABLE_CODE = YES;
				CLANG_WARN__DUPLICATE_METHOD_MATCH = YES;
				CODE_SIGN_IDENTITY = "iPhone Developer";
				COPY_PHASE_STRIP = NO;
				DEBUG_INFORMATION_FORMAT = dwarf;
				ENABLE_STRICT_OBJC_MSGSEND = YES;
				ENABLE_TESTABILITY = YES;
				GCC_C_LANGUAGE_STANDARD = gnu11;
				GCC_DYNAMIC_NO_PIC = NO;
				GCC_NO_COMMON_BLOCKS = YES;
				GCC_OPTIMIZATION_LEVEL = 0;
				GCC_PREPROCESSOR_DEFINITIONS = (
					"DEBUG=1",
					"$(inherited)",
				);
				GCC_WARN_64_TO_32_BIT_CONVERSION = YES;
				GCC_WARN_ABOUT_RETURN_TYPE = YES_ERROR;
				GCC_WARN_UNDECLARED_SELECTOR = YES;
				GCC_WARN_UNINITIALIZED_AUTOS = YES_AGGRESSIVE;
				GCC_WARN_UNUSED_FUNCTION = YES;
				GCC_WARN_UNUSED_VARIABLE = YES;
				IPHONEOS_DEPLOYMENT_TARGET = 12.1;
				MTL_ENABLE_DEBUG_INFO = INCLUDE_SOURCE;
				MTL_FAST_MATH = YES;
				ONLY_ACTIVE_ARCH = YES;
				SDKROOT = iphoneos;
				SWIFT_ACTIVE_COMPILATION_CONDITIONS = DEBUG;
				SWIFT_OPTIMIZATION_LEVEL = "-Onone";
			};
			name = Debug;
		};
		E9606026219359DC00D37631 /* Release */ = {
			isa = XCBuildConfiguration;
			buildSettings = {
				ALWAYS_SEARCH_USER_PATHS = NO;
				CLANG_ANALYZER_NONNULL = YES;
				CLANG_ANALYZER_NUMBER_OBJECT_CONVERSION = YES_AGGRESSIVE;
				CLANG_CXX_LANGUAGE_STANDARD = "gnu++14";
				CLANG_CXX_LIBRARY = "libc++";
				CLANG_ENABLE_MODULES = YES;
				CLANG_ENABLE_OBJC_ARC = YES;
				CLANG_ENABLE_OBJC_WEAK = YES;
				CLANG_WARN_BLOCK_CAPTURE_AUTORELEASING = YES;
				CLANG_WARN_BOOL_CONVERSION = YES;
				CLANG_WARN_COMMA = YES;
				CLANG_WARN_CONSTANT_CONVERSION = YES;
				CLANG_WARN_DEPRECATED_OBJC_IMPLEMENTATIONS = YES;
				CLANG_WARN_DIRECT_OBJC_ISA_USAGE = YES_ERROR;
				CLANG_WARN_DOCUMENTATION_COMMENTS = YES;
				CLANG_WARN_EMPTY_BODY = YES;
				CLANG_WARN_ENUM_CONVERSION = YES;
				CLANG_WARN_INFINITE_RECURSION = YES;
				CLANG_WARN_INT_CONVERSION = YES;
				CLANG_WARN_NON_LITERAL_NULL_CONVERSION = YES;
				CLANG_WARN_OBJC_IMPLICIT_RETAIN_SELF = YES;
				CLANG_WARN_OBJC_LITERAL_CONVERSION = YES;
				CLANG_WARN_OBJC_ROOT_CLASS = YES_ERROR;
				CLANG_WARN_RANGE_LOOP_ANALYSIS = YES;
				CLANG_WARN_STRICT_PROTOTYPES = YES;
				CLANG_WARN_SUSPICIOUS_MOVE = YES;
				CLANG_WARN_UNGUARDED_AVAILABILITY = YES_AGGRESSIVE;
				CLANG_WARN_UNREACHABLE_CODE = YES;
				CLANG_WARN__DUPLICATE_METHOD_MATCH = YES;
				CODE_SIGN_IDENTITY = "iPhone Developer";
				COPY_PHASE_STRIP = NO;
				DEBUG_INFORMATION_FORMAT = "dwarf-with-dsym";
				ENABLE_NS_ASSERTIONS = NO;
				ENABLE_STRICT_OBJC_MSGSEND = YES;
				GCC_C_LANGUAGE_STANDARD = gnu11;
				GCC_NO_COMMON_BLOCKS = YES;
				GCC_WARN_64_TO_32_BIT_CONVERSION = YES;
				GCC_WARN_ABOUT_RETURN_TYPE = YES_ERROR;
				GCC_WARN_UNDECLARED_SELECTOR = YES;
				GCC_WARN_UNINITIALIZED_AUTOS = YES_AGGRESSIVE;
				GCC_WARN_UNUSED_FUNCTION = YES;
				GCC_WARN_UNUSED_VARIABLE = YES;
				IPHONEOS_DEPLOYMENT_TARGET = 12.1;
				MTL_ENABLE_DEBUG_INFO = NO;
				MTL_FAST_MATH = YES;
				SDKROOT = iphoneos;
				SWIFT_COMPILATION_MODE = wholemodule;
				SWIFT_OPTIMIZATION_LEVEL = "-O";
				VALIDATE_PRODUCT = YES;
			};
			name = Release;
		};
		E9606028219359DC00D37631 /* Debug */ = {
			isa = XCBuildConfiguration;
			buildSettings = {
				ASSETCATALOG_COMPILER_APPICON_NAME = AppIcon;
				CODE_SIGN_STYLE = Automatic;
				DEVELOPMENT_TEAM = 4Z57UTV2LU;
				INFOPLIST_FILE = RacedayStopwatch/Info.plist;
				LD_RUNPATH_SEARCH_PATHS = (
					"$(inherited)",
					"@executable_path/Frameworks",
				);
				PRODUCT_BUNDLE_IDENTIFIER = no.Appbryggeriet.RacedayStopwatch;
				PRODUCT_NAME = "$(TARGET_NAME)";
				SWIFT_VERSION = 4.2;
				TARGETED_DEVICE_FAMILY = "1,2";
			};
			name = Debug;
		};
		E9606029219359DC00D37631 /* Release */ = {
			isa = XCBuildConfiguration;
			buildSettings = {
				ASSETCATALOG_COMPILER_APPICON_NAME = AppIcon;
				CODE_SIGN_STYLE = Automatic;
				DEVELOPMENT_TEAM = 4Z57UTV2LU;
				INFOPLIST_FILE = RacedayStopwatch/Info.plist;
				LD_RUNPATH_SEARCH_PATHS = (
					"$(inherited)",
					"@executable_path/Frameworks",
				);
				PRODUCT_BUNDLE_IDENTIFIER = no.Appbryggeriet.RacedayStopwatch;
				PRODUCT_NAME = "$(TARGET_NAME)";
				SWIFT_VERSION = 4.2;
				TARGETED_DEVICE_FAMILY = "1,2";
			};
			name = Release;
		};
		E960602B219359DC00D37631 /* Debug */ = {
			isa = XCBuildConfiguration;
			buildSettings = {
				ALWAYS_EMBED_SWIFT_STANDARD_LIBRARIES = YES;
				BUNDLE_LOADER = "$(TEST_HOST)";
				CODE_SIGN_STYLE = Automatic;
				DEVELOPMENT_TEAM = 4Z57UTV2LU;
				INFOPLIST_FILE = RacedayStopwatchTests/Info.plist;
				LD_RUNPATH_SEARCH_PATHS = (
					"$(inherited)",
					"@executable_path/Frameworks",
					"@loader_path/Frameworks",
				);
				PRODUCT_BUNDLE_IDENTIFIER = no.Appbryggeriet.RacedayStopwatchTests;
				PRODUCT_NAME = "$(TARGET_NAME)";
				SWIFT_VERSION = 4.2;
				TARGETED_DEVICE_FAMILY = "1,2";
				TEST_HOST = "$(BUILT_PRODUCTS_DIR)/RacedayStopwatch.app/RacedayStopwatch";
			};
			name = Debug;
		};
		E960602C219359DC00D37631 /* Release */ = {
			isa = XCBuildConfiguration;
			buildSettings = {
				ALWAYS_EMBED_SWIFT_STANDARD_LIBRARIES = YES;
				BUNDLE_LOADER = "$(TEST_HOST)";
				CODE_SIGN_STYLE = Automatic;
				DEVELOPMENT_TEAM = 4Z57UTV2LU;
				INFOPLIST_FILE = RacedayStopwatchTests/Info.plist;
				LD_RUNPATH_SEARCH_PATHS = (
					"$(inherited)",
					"@executable_path/Frameworks",
					"@loader_path/Frameworks",
				);
				PRODUCT_BUNDLE_IDENTIFIER = no.Appbryggeriet.RacedayStopwatchTests;
				PRODUCT_NAME = "$(TARGET_NAME)";
				SWIFT_VERSION = 4.2;
				TARGETED_DEVICE_FAMILY = "1,2";
				TEST_HOST = "$(BUILT_PRODUCTS_DIR)/RacedayStopwatch.app/RacedayStopwatch";
			};
			name = Release;
		};
		E960602E219359DC00D37631 /* Debug */ = {
			isa = XCBuildConfiguration;
			buildSettings = {
				ALWAYS_EMBED_SWIFT_STANDARD_LIBRARIES = YES;
				CODE_SIGN_STYLE = Automatic;
				DEVELOPMENT_TEAM = 4Z57UTV2LU;
				INFOPLIST_FILE = RacedayStopwatchUITests/Info.plist;
				LD_RUNPATH_SEARCH_PATHS = (
					"$(inherited)",
					"@executable_path/Frameworks",
					"@loader_path/Frameworks",
				);
				PRODUCT_BUNDLE_IDENTIFIER = no.Appbryggeriet.RacedayStopwatchUITests;
				PRODUCT_NAME = "$(TARGET_NAME)";
				SWIFT_VERSION = 4.2;
				TARGETED_DEVICE_FAMILY = "1,2";
				TEST_TARGET_NAME = RacedayStopwatch;
			};
			name = Debug;
		};
		E960602F219359DC00D37631 /* Release */ = {
			isa = XCBuildConfiguration;
			buildSettings = {
				ALWAYS_EMBED_SWIFT_STANDARD_LIBRARIES = YES;
				CODE_SIGN_STYLE = Automatic;
				DEVELOPMENT_TEAM = 4Z57UTV2LU;
				INFOPLIST_FILE = RacedayStopwatchUITests/Info.plist;
				LD_RUNPATH_SEARCH_PATHS = (
					"$(inherited)",
					"@executable_path/Frameworks",
					"@loader_path/Frameworks",
				);
				PRODUCT_BUNDLE_IDENTIFIER = no.Appbryggeriet.RacedayStopwatchUITests;
				PRODUCT_NAME = "$(TARGET_NAME)";
				SWIFT_VERSION = 4.2;
				TARGETED_DEVICE_FAMILY = "1,2";
				TEST_TARGET_NAME = RacedayStopwatch;
			};
			name = Release;
		};
/* End XCBuildConfiguration section */

/* Begin XCConfigurationList section */
		E9605FF8219359DA00D37631 /* Build configuration list for PBXProject "RacedayStopwatch" */ = {
			isa = XCConfigurationList;
			buildConfigurations = (
				E9606025219359DC00D37631 /* Debug */,
				E9606026219359DC00D37631 /* Release */,
			);
			defaultConfigurationIsVisible = 0;
			defaultConfigurationName = Release;
		};
		E9606027219359DC00D37631 /* Build configuration list for PBXNativeTarget "RacedayStopwatch" */ = {
			isa = XCConfigurationList;
			buildConfigurations = (
				E9606028219359DC00D37631 /* Debug */,
				E9606029219359DC00D37631 /* Release */,
			);
			defaultConfigurationIsVisible = 0;
			defaultConfigurationName = Release;
		};
		E960602A219359DC00D37631 /* Build configuration list for PBXNativeTarget "RacedayStopwatchTests" */ = {
			isa = XCConfigurationList;
			buildConfigurations = (
				E960602B219359DC00D37631 /* Debug */,
				E960602C219359DC00D37631 /* Release */,
			);
			defaultConfigurationIsVisible = 0;
			defaultConfigurationName = Release;
		};
		E960602D219359DC00D37631 /* Build configuration list for PBXNativeTarget "RacedayStopwatchUITests" */ = {
			isa = XCConfigurationList;
			buildConfigurations = (
				E960602E219359DC00D37631 /* Debug */,
				E960602F219359DC00D37631 /* Release */,
			);
			defaultConfigurationIsVisible = 0;
			defaultConfigurationName = Release;
		};
/* End XCConfigurationList section */

/* Begin XCVersionGroup section */
		E96060782193662100D37631 /* RacedayStopwatch.xcdatamodeld */ = {
			isa = XCVersionGroup;
			children = (
				E96060792193662100D37631 /* Model.xcdatamodel */,
			);
			currentVersion = E96060792193662100D37631 /* Model.xcdatamodel */;
			path = RacedayStopwatch.xcdatamodeld;
			sourceTree = "<group>";
			versionGroupType = wrapper.xcdatamodel;
		};
/* End XCVersionGroup section */
	};
	rootObject = E9605FF5219359DA00D37631 /* Project object */;
}
