PODS:
  - Google-Mobile-Ads-SDK (7.37.0)

DEPENDENCIES:
  - Google-Mobile-Ads-SDK

SPEC REPOS:
  https://github.com/cocoapods/specs.git:
    - Google-Mobile-Ads-SDK

SPEC CHECKSUMS:
  Google-Mobile-Ads-SDK: d028682d7450749a1955679da050eaf70d997b3e

PODFILE CHECKSUM: f6a33bd464c63a9270575ef05be4b6a8adf78b59

COCOAPODS: 1.6.1
